{
  "version": 4,
  "terraform_version": "1.8.3",
  "serial": 61,
  "lineage": "1246c26a-a075-6311-f7c5-852b03a117f3",
  "outputs": {},
  "resources": [
    {
      "mode": "managed",
      "type": "yandex_iam_service_account",
      "name": "myaccount",
      "provider": "provider[\"registry.terraform.io/yandex-cloud/yandex\"]",
      "instances": [
        {
          "schema_version": 0,
          "attributes": {
            "created_at": "2024-05-10T11:56:46Z",
            "description": "K8S zonal service account for k8s_project",
            "folder_id": "b1g75hob5pvq0360545e",
            "id": "aje5mn1482511bdso7ft",
            "name": "project-k8s-account",
            "timeouts": null
          },
          "sensitive_attributes": [],
          "private": "eyJlMmJmYjczMC1lY2FhLTExZTYtOGY4OC0zNDM2M2JjN2M0YzAiOnsiY3JlYXRlIjo2MDAwMDAwMDAwMCwiZGVsZXRlIjo2MDAwMDAwMDAwMCwidXBkYXRlIjo2MDAwMDAwMDAwMH19"
        }
      ]
    },
    {
      "mode": "managed",
      "type": "yandex_kms_symmetric_key",
      "name": "kms-key",
      "provider": "provider[\"registry.terraform.io/yandex-cloud/yandex\"]",
      "instances": [
        {
          "schema_version": 1,
          "attributes": {
            "created_at": "2024-05-10T08:43:37Z",
            "default_algorithm": "AES_128",
            "deletion_protection": false,
            "description": "",
            "folder_id": "b1g75hob5pvq0360545e",
            "id": "abjqnp8h38eekcum319p",
            "labels": {},
            "name": "kms-key",
            "rotated_at": "",
            "rotation_period": "8760h0m0s",
            "status": "active",
            "timeouts": null
          },
          "sensitive_attributes": [],
          "private": "eyJlMmJmYjczMC1lY2FhLTExZTYtOGY4OC0zNDM2M2JjN2M0YzAiOnsiY3JlYXRlIjo2MDAwMDAwMDAwMCwiZGVsZXRlIjo2MDAwMDAwMDAwMCwicmVhZCI6NjAwMDAwMDAwMDAsInVwZGF0ZSI6NjAwMDAwMDAwMDB9LCJzY2hlbWFfdmVyc2lvbiI6IjEifQ=="
        }
      ]
    },
    {
      "mode": "managed",
      "type": "yandex_kubernetes_cluster",
      "name": "k8s-project",
      "provider": "provider[\"registry.terraform.io/yandex-cloud/yandex\"]",
      "instances": [
        {
          "schema_version": 0,
          "attributes": {
            "cluster_ipv4_range": "10.112.0.0/16",
            "cluster_ipv6_range": "",
            "created_at": "2024-05-10T12:40:32Z",
            "description": "",
            "folder_id": "b1g75hob5pvq0360545e",
            "health": "healthy",
            "id": "cat45uae9qctnu3i7h5h",
            "kms_provider": [
              {
                "key_id": "abjqnp8h38eekcum319p"
              }
            ],
            "labels": {},
            "log_group_id": "",
            "master": [
              {
                "cluster_ca_certificate": "-----BEGIN CERTIFICATE-----\nMIIC5zCCAc+gAwIBAgIBADANBgkqhkiG9w0BAQsFADAVMRMwEQYDVQQDEwprdWJl\ncm5ldGVzMB4XDTI0MDUxMDEyNDAzNFoXDTM0MDUwODEyNDAzNFowFTETMBEGA1UE\nAxMKa3ViZXJuZXRlczCCASIwDQYJKoZIhvcNAQEBBQADggEPADCCAQoCggEBAPao\n1iAbs9/8GTjXc6Kc7R/QuOkzYiOVeAEVEidP+y2VJT+yyO2BWOZeskKGR2NxeD+J\neyxy73wmlVEQCscxxvwWBc9F5XxhTBSrthMK40QAZ8FJVGPkpdLd8++qmqGFJRsz\nU9Gvj/bm6+F12HkV2nWCcqYvtReYu/KYZKrSSzEaLodd/ZHSdWKe1jXlALk8zK9S\nYdKGAHDy5FuH9bc2xljqy2ZO0z5ULXSGzuqIsLaAUzmXnIG4m+viehFQYs6i9YPy\nibRNGMlHRXEczLYDE8maJHex4l3PAdi7mxYBMvghyYzVVC8oJnZ4D+U4ZVpoCXiR\nO9er3Oztf2eppyn4wQ0CAwEAAaNCMEAwDgYDVR0PAQH/BAQDAgKkMA8GA1UdEwEB\n/wQFMAMBAf8wHQYDVR0OBBYEFDGJ+w50oHvZIL05t5/DSg8h0qHfMA0GCSqGSIb3\nDQEBCwUAA4IBAQBa+1l9oDrRqv5auTLuipxaerhI3CCfYjTlRPBYAVAo27HMRy5T\nRSN+U8WLk7TUuxP/ikzKx04O57E6DG9s+v3uzZz7u1WlBbETIvaLSc/XvhF9D6ZX\nVJUxEJLGCoVIv8I/JelAswq2YVnf6RS2qSk/dIDH/GglYB6CS2POYewlaLziXvg5\njLxeAv5BuVc0G/q9xTRV8ob8SzVZ5XIOGe4+bfQy1HStSV+1SZG6UhIWvzsQ4cRi\ngPhxSXtD2mtmNgO5zUYoJs5juXB3trwAnngUHBNh+NxqyulFMrSbh/H2qr8ufpMz\nC6etNX7VwAwETjdhRS3Du+Hi28MMyce/VK/I\n-----END CERTIFICATE-----\n",
                "etcd_cluster_size": 1,
                "external_v4_address": "158.160.147.126",
                "external_v4_endpoint": "https://158.160.147.126",
                "external_v6_address": "",
                "external_v6_endpoint": "",
                "internal_v4_address": "10.132.0.20",
                "internal_v4_endpoint": "https://10.132.0.20",
                "maintenance_policy": [
                  {
                    "auto_upgrade": true,
                    "maintenance_window": []
                  }
                ],
                "master_location": [
                  {
                    "subnet_id": "fl8pvh3ucsa7jruhmjq9",
                    "zone": "ru-central1-d"
                  }
                ],
                "master_logging": [],
                "public_ip": true,
                "regional": [],
                "security_group_ids": [
                  "enputviajp8qvr1arv8e"
                ],
                "version": "1.28",
                "version_info": [
                  {
                    "current_version": "1.28",
                    "new_revision_available": false,
                    "new_revision_summary": "",
                    "version_deprecated": false
                  }
                ],
                "zonal": [
                  {
                    "subnet_id": "",
                    "zone": "ru-central1-d"
                  }
                ]
              }
            ],
            "name": "k8s-project",
            "network_id": "enphugsv5110298nt4gk",
            "network_implementation": [],
            "network_policy_provider": null,
            "node_ipv4_cidr_mask_size": 24,
            "node_service_account_id": "aje5mn1482511bdso7ft",
            "release_channel": "REGULAR",
            "service_account_id": "aje5mn1482511bdso7ft",
            "service_ipv4_range": "10.96.0.0/16",
            "service_ipv6_range": "",
            "status": "running",
            "timeouts": null
          },
          "sensitive_attributes": [],
          "private": "eyJlMmJmYjczMC1lY2FhLTExZTYtOGY4OC0zNDM2M2JjN2M0YzAiOnsiY3JlYXRlIjoxODAwMDAwMDAwMDAwLCJkZWxldGUiOjEyMDAwMDAwMDAwMDAsInJlYWQiOjMwMDAwMDAwMDAwMCwidXBkYXRlIjoxODAwMDAwMDAwMDAwfX0=",
          "dependencies": [
            "yandex_iam_service_account.myaccount",
            "yandex_kms_symmetric_key.kms-key",
            "yandex_resourcemanager_folder_iam_member.encrypterDecrypter",
            "yandex_resourcemanager_folder_iam_member.images-puller",
            "yandex_resourcemanager_folder_iam_member.k8s-clusters-agent",
            "yandex_resourcemanager_folder_iam_member.vpc-public-admin",
            "yandex_vpc_gateway.nat_gateway",
            "yandex_vpc_network.k8s-network",
            "yandex_vpc_route_table.k8s-rt",
            "yandex_vpc_security_group.k8s-public-services",
            "yandex_vpc_subnet.k8s-network-ru-central1-d"
          ]
        }
      ]
    },
    {
      "mode": "managed",
      "type": "yandex_kubernetes_node_group",
      "name": "k8s-project-infra",
      "provider": "provider[\"registry.terraform.io/yandex-cloud/yandex\"]",
      "instances": [
        {
          "schema_version": 0,
          "attributes": {
            "allocation_policy": [
              {
                "location": [
                  {
                    "subnet_id": "fl8pvh3ucsa7jruhmjq9",
                    "zone": "ru-central1-d"
                  }
                ]
              }
            ],
            "allowed_unsafe_sysctls": [],
            "cluster_id": "cat45uae9qctnu3i7h5h",
            "created_at": "2024-05-10T12:47:56Z",
            "deploy_policy": [
              {
                "max_expansion": 3,
                "max_unavailable": 0
              }
            ],
            "description": "",
            "id": "catj90uldmbqtn24urm2",
            "instance_group_id": "cl1nld1nhqdelkoj4ll7",
            "instance_template": [
              {
                "boot_disk": [
                  {
                    "size": 96,
                    "type": "network-hdd"
                  }
                ],
                "container_network": [
                  {
                    "pod_mtu": 0
                  }
                ],
                "container_runtime": [
                  {
                    "type": "containerd"
                  }
                ],
                "gpu_settings": [],
                "labels": {},
                "metadata": {},
                "name": "prod-{instance.short_id}-{instance_group.id}",
                "nat": true,
                "network_acceleration_type": "standard",
                "network_interface": [
                  {
                    "ipv4": true,
                    "ipv4_dns_records": [],
                    "ipv6": false,
                    "ipv6_dns_records": [],
                    "nat": true,
                    "security_group_ids": [],
                    "subnet_ids": [
                      "fl8pvh3ucsa7jruhmjq9"
                    ]
                  }
                ],
                "placement_policy": [],
                "platform_id": "standard-v2",
                "resources": [
                  {
                    "core_fraction": 100,
                    "cores": 2,
                    "gpus": 0,
                    "memory": 4
                  }
                ],
                "scheduling_policy": [
                  {
                    "preemptible": false
                  }
                ]
              }
            ],
            "labels": {},
            "maintenance_policy": [
              {
                "auto_repair": true,
                "auto_upgrade": true,
                "maintenance_window": []
              }
            ],
            "name": "k8s-project-infra",
            "node_labels": {},
            "node_taints": [],
            "scale_policy": [
              {
                "auto_scale": [],
                "fixed_scale": [
                  {
                    "size": 1
                  }
                ]
              }
            ],
            "status": "running",
            "timeouts": null,
            "version": "1.28",
            "version_info": [
              {
                "current_version": "1.28",
                "new_revision_available": false,
                "new_revision_summary": "",
                "version_deprecated": false
              }
            ]
          },
          "sensitive_attributes": [],
          "private": "eyJlMmJmYjczMC1lY2FhLTExZTYtOGY4OC0zNDM2M2JjN2M0YzAiOnsiY3JlYXRlIjozNjAwMDAwMDAwMDAwLCJkZWxldGUiOjEyMDAwMDAwMDAwMDAsInJlYWQiOjYwMDAwMDAwMDAwMCwidXBkYXRlIjozNjAwMDAwMDAwMDAwfX0=",
          "dependencies": [
            "yandex_iam_service_account.myaccount",
            "yandex_kms_symmetric_key.kms-key",
            "yandex_kubernetes_cluster.k8s-project",
            "yandex_resourcemanager_folder_iam_member.encrypterDecrypter",
            "yandex_resourcemanager_folder_iam_member.images-puller",
            "yandex_resourcemanager_folder_iam_member.k8s-clusters-agent",
            "yandex_resourcemanager_folder_iam_member.vpc-public-admin",
            "yandex_vpc_gateway.nat_gateway",
            "yandex_vpc_network.k8s-network",
            "yandex_vpc_route_table.k8s-rt",
            "yandex_vpc_security_group.k8s-public-services",
            "yandex_vpc_subnet.k8s-network-ru-central1-d"
          ]
        }
      ]
    },
    {
      "mode": "managed",
      "type": "yandex_kubernetes_node_group",
      "name": "k8s-project-work",
      "provider": "provider[\"registry.terraform.io/yandex-cloud/yandex\"]",
      "instances": [
        {
          "schema_version": 0,
          "attributes": {
            "allocation_policy": [
              {
                "location": [
                  {
                    "subnet_id": "fl8pvh3ucsa7jruhmjq9",
                    "zone": "ru-central1-d"
                  }
                ]
              }
            ],
            "allowed_unsafe_sysctls": [],
            "cluster_id": "cat45uae9qctnu3i7h5h",
            "created_at": "2024-05-10T12:47:56Z",
            "deploy_policy": [
              {
                "max_expansion": 3,
                "max_unavailable": 0
              }
            ],
            "description": "",
            "id": "cat48p3oferpevk79hu6",
            "instance_group_id": "cl1pomtmu5uuo3llfhi0",
            "instance_template": [
              {
                "boot_disk": [
                  {
                    "size": 96,
                    "type": "network-hdd"
                  }
                ],
                "container_network": [
                  {
                    "pod_mtu": 0
                  }
                ],
                "container_runtime": [
                  {
                    "type": "containerd"
                  }
                ],
                "gpu_settings": [],
                "labels": {},
                "metadata": {},
                "name": "prod-{instance.short_id}-{instance_group.id}",
                "nat": true,
                "network_acceleration_type": "standard",
                "network_interface": [
                  {
                    "ipv4": true,
                    "ipv4_dns_records": [],
                    "ipv6": false,
                    "ipv6_dns_records": [],
                    "nat": true,
                    "security_group_ids": [],
                    "subnet_ids": [
                      "fl8pvh3ucsa7jruhmjq9"
                    ]
                  }
                ],
                "placement_policy": [],
                "platform_id": "standard-v2",
                "resources": [
                  {
                    "core_fraction": 100,
                    "cores": 2,
                    "gpus": 0,
                    "memory": 4
                  }
                ],
                "scheduling_policy": [
                  {
                    "preemptible": false
                  }
                ]
              }
            ],
            "labels": {},
            "maintenance_policy": [
              {
                "auto_repair": true,
                "auto_upgrade": true,
                "maintenance_window": []
              }
            ],
            "name": "k8s-project-work",
            "node_labels": {},
            "node_taints": [],
            "scale_policy": [
              {
                "auto_scale": [],
                "fixed_scale": [
                  {
                    "size": 3
                  }
                ]
              }
            ],
            "status": "running",
            "timeouts": null,
            "version": "1.28",
            "version_info": [
              {
                "current_version": "1.28",
                "new_revision_available": false,
                "new_revision_summary": "",
                "version_deprecated": false
              }
            ]
          },
          "sensitive_attributes": [],
          "private": "eyJlMmJmYjczMC1lY2FhLTExZTYtOGY4OC0zNDM2M2JjN2M0YzAiOnsiY3JlYXRlIjozNjAwMDAwMDAwMDAwLCJkZWxldGUiOjEyMDAwMDAwMDAwMDAsInJlYWQiOjYwMDAwMDAwMDAwMCwidXBkYXRlIjozNjAwMDAwMDAwMDAwfX0=",
          "dependencies": [
            "yandex_iam_service_account.myaccount",
            "yandex_kms_symmetric_key.kms-key",
            "yandex_kubernetes_cluster.k8s-project",
            "yandex_resourcemanager_folder_iam_member.encrypterDecrypter",
            "yandex_resourcemanager_folder_iam_member.images-puller",
            "yandex_resourcemanager_folder_iam_member.k8s-clusters-agent",
            "yandex_resourcemanager_folder_iam_member.vpc-public-admin",
            "yandex_vpc_gateway.nat_gateway",
            "yandex_vpc_network.k8s-network",
            "yandex_vpc_route_table.k8s-rt",
            "yandex_vpc_security_group.k8s-public-services",
            "yandex_vpc_subnet.k8s-network-ru-central1-d"
          ]
        }
      ]
    },
    {
      "mode": "managed",
      "type": "yandex_resourcemanager_folder_iam_member",
      "name": "encrypterDecrypter",
      "provider": "provider[\"registry.terraform.io/yandex-cloud/yandex\"]",
      "instances": [
        {
          "schema_version": 0,
          "attributes": {
            "folder_id": "b1g75hob5pvq0360545e",
            "id": "b1g75hob5pvq0360545e/kms.keys.encrypterDecrypter/serviceAccount:aje5mn1482511bdso7ft",
            "member": "serviceAccount:aje5mn1482511bdso7ft",
            "role": "kms.keys.encrypterDecrypter",
            "sleep_after": null,
            "timeouts": null
          },
          "sensitive_attributes": [],
          "private": "eyJlMmJmYjczMC1lY2FhLTExZTYtOGY4OC0zNDM2M2JjN2M0YzAiOnsiY3JlYXRlIjo2MDAwMDAwMDAwMCwiZGVmYXVsdCI6NjAwMDAwMDAwMDAsImRlbGV0ZSI6NjAwMDAwMDAwMDAsInJlYWQiOjYwMDAwMDAwMDAwLCJ1cGRhdGUiOjYwMDAwMDAwMDAwfX0=",
          "dependencies": [
            "yandex_iam_service_account.myaccount"
          ]
        }
      ]
    },
    {
      "mode": "managed",
      "type": "yandex_resourcemanager_folder_iam_member",
      "name": "images-puller",
      "provider": "provider[\"registry.terraform.io/yandex-cloud/yandex\"]",
      "instances": [
        {
          "schema_version": 0,
          "attributes": {
            "folder_id": "b1g75hob5pvq0360545e",
            "id": "b1g75hob5pvq0360545e/container-registry.images.puller/serviceAccount:aje5mn1482511bdso7ft",
            "member": "serviceAccount:aje5mn1482511bdso7ft",
            "role": "container-registry.images.puller",
            "sleep_after": null,
            "timeouts": null
          },
          "sensitive_attributes": [],
          "private": "eyJlMmJmYjczMC1lY2FhLTExZTYtOGY4OC0zNDM2M2JjN2M0YzAiOnsiY3JlYXRlIjo2MDAwMDAwMDAwMCwiZGVmYXVsdCI6NjAwMDAwMDAwMDAsImRlbGV0ZSI6NjAwMDAwMDAwMDAsInJlYWQiOjYwMDAwMDAwMDAwLCJ1cGRhdGUiOjYwMDAwMDAwMDAwfX0=",
          "dependencies": [
            "yandex_iam_service_account.myaccount"
          ]
        }
      ]
    },
    {
      "mode": "managed",
      "type": "yandex_resourcemanager_folder_iam_member",
      "name": "k8s-clusters-agent",
      "provider": "provider[\"registry.terraform.io/yandex-cloud/yandex\"]",
      "instances": [
        {
          "schema_version": 0,
          "attributes": {
            "folder_id": "b1g75hob5pvq0360545e",
            "id": "b1g75hob5pvq0360545e/k8s.clusters.agent/serviceAccount:aje5mn1482511bdso7ft",
            "member": "serviceAccount:aje5mn1482511bdso7ft",
            "role": "k8s.clusters.agent",
            "sleep_after": null,
            "timeouts": null
          },
          "sensitive_attributes": [],
          "private": "eyJlMmJmYjczMC1lY2FhLTExZTYtOGY4OC0zNDM2M2JjN2M0YzAiOnsiY3JlYXRlIjo2MDAwMDAwMDAwMCwiZGVmYXVsdCI6NjAwMDAwMDAwMDAsImRlbGV0ZSI6NjAwMDAwMDAwMDAsInJlYWQiOjYwMDAwMDAwMDAwLCJ1cGRhdGUiOjYwMDAwMDAwMDAwfX0=",
          "dependencies": [
            "yandex_iam_service_account.myaccount"
          ]
        }
      ]
    },
    {
      "mode": "managed",
      "type": "yandex_resourcemanager_folder_iam_member",
      "name": "vpc-public-admin",
      "provider": "provider[\"registry.terraform.io/yandex-cloud/yandex\"]",
      "instances": [
        {
          "schema_version": 0,
          "attributes": {
            "folder_id": "b1g75hob5pvq0360545e",
            "id": "b1g75hob5pvq0360545e/vpc.publicAdmin/serviceAccount:aje5mn1482511bdso7ft",
            "member": "serviceAccount:aje5mn1482511bdso7ft",
            "role": "vpc.publicAdmin",
            "sleep_after": null,
            "timeouts": null
          },
          "sensitive_attributes": [],
          "private": "eyJlMmJmYjczMC1lY2FhLTExZTYtOGY4OC0zNDM2M2JjN2M0YzAiOnsiY3JlYXRlIjo2MDAwMDAwMDAwMCwiZGVmYXVsdCI6NjAwMDAwMDAwMDAsImRlbGV0ZSI6NjAwMDAwMDAwMDAsInJlYWQiOjYwMDAwMDAwMDAwLCJ1cGRhdGUiOjYwMDAwMDAwMDAwfX0=",
          "dependencies": [
            "yandex_iam_service_account.myaccount"
          ]
        }
      ]
    },
    {
      "mode": "managed",
      "type": "yandex_vpc_gateway",
      "name": "nat_gateway",
      "provider": "provider[\"registry.terraform.io/yandex-cloud/yandex\"]",
      "instances": [
        {
          "schema_version": 0,
          "attributes": {
            "created_at": "2024-05-10T16:23:38Z",
            "description": "",
            "folder_id": "b1g75hob5pvq0360545e",
            "id": "enpkq1ahdrf8p3ukkrre",
            "labels": {},
            "name": "k8s-gateway",
            "shared_egress_gateway": [
              {}
            ],
            "timeouts": null
          },
          "sensitive_attributes": [],
          "private": "eyJlMmJmYjczMC1lY2FhLTExZTYtOGY4OC0zNDM2M2JjN2M0YzAiOnsiY3JlYXRlIjo2MDAwMDAwMDAwMCwiZGVsZXRlIjo2MDAwMDAwMDAwMCwidXBkYXRlIjo2MDAwMDAwMDAwMH19"
        }
      ]
    },
    {
      "mode": "managed",
      "type": "yandex_vpc_network",
      "name": "k8s-network",
      "provider": "provider[\"registry.terraform.io/yandex-cloud/yandex\"]",
      "instances": [
        {
          "schema_version": 0,
          "attributes": {
            "created_at": "2024-05-10T11:56:46Z",
            "default_security_group_id": "enp9h4lg6o09kv5vm5rr",
            "description": "",
            "folder_id": "b1g75hob5pvq0360545e",
            "id": "enphugsv5110298nt4gk",
            "labels": {},
            "name": "k8s-network",
            "subnet_ids": [
              "e9bbcu68kvtjis3vvub1",
              "e9bujnlmqvjeitl9dhgd",
              "fl8pvh3ucsa7jruhmjq9"
            ],
            "timeouts": null
          },
          "sensitive_attributes": [],
          "private": "eyJlMmJmYjczMC1lY2FhLTExZTYtOGY4OC0zNDM2M2JjN2M0YzAiOnsiY3JlYXRlIjo2MDAwMDAwMDAwMCwiZGVsZXRlIjo2MDAwMDAwMDAwMCwidXBkYXRlIjo2MDAwMDAwMDAwMH19"
        }
      ]
    },
    {
      "mode": "managed",
      "type": "yandex_vpc_route_table",
      "name": "k8s-rt",
      "provider": "provider[\"registry.terraform.io/yandex-cloud/yandex\"]",
      "instances": [
        {
          "schema_version": 0,
          "attributes": {
            "created_at": "2024-05-10T16:27:15Z",
            "description": "",
            "folder_id": "b1g75hob5pvq0360545e",
            "id": "enpn3q34afjkav7psmi9",
            "labels": {},
            "name": "k8s-route-table",
            "network_id": "enphugsv5110298nt4gk",
            "static_route": [
              {
                "destination_prefix": "0.0.0.0/0",
                "gateway_id": "enpkq1ahdrf8p3ukkrre",
                "next_hop_address": ""
              }
            ],
            "timeouts": null
          },
          "sensitive_attributes": [],
          "private": "eyJlMmJmYjczMC1lY2FhLTExZTYtOGY4OC0zNDM2M2JjN2M0YzAiOnsiY3JlYXRlIjoxODAwMDAwMDAwMDAsImRlbGV0ZSI6MTgwMDAwMDAwMDAwLCJ1cGRhdGUiOjE4MDAwMDAwMDAwMH19",
          "dependencies": [
            "yandex_vpc_gateway.nat_gateway"
          ]
        }
      ]
    },
    {
      "mode": "managed",
      "type": "yandex_vpc_security_group",
      "name": "k8s-public-services",
      "provider": "provider[\"registry.terraform.io/yandex-cloud/yandex\"]",
      "instances": [
        {
          "schema_version": 0,
          "attributes": {
            "created_at": "2024-05-10T11:56:51Z",
            "description": "Правила группы разрешают подключение к сервисам из интернета.",
            "egress": [
              {
                "description": "Правило разрешает весь исходящий трафик.",
                "from_port": 0,
                "id": "enpn20e6elou8geganje",
                "labels": {},
                "port": -1,
                "predefined_target": "",
                "protocol": "ANY",
                "security_group_id": "",
                "to_port": 65535,
                "v4_cidr_blocks": [
                  "0.0.0.0/0"
                ],
                "v6_cidr_blocks": []
              }
            ],
            "folder_id": "b1g75hob5pvq0360545e",
            "id": "enputviajp8qvr1arv8e",
            "ingress": [
              {
                "description": "Правило разрешает входящий трафик из интернета.",
                "from_port": 0,
                "id": "enpti2qtnhjbke8ocn1t",
                "labels": {},
                "port": -1,
                "predefined_target": "",
                "protocol": "ANY",
                "security_group_id": "",
                "to_port": 65535,
                "v4_cidr_blocks": [
                  "0.0.0.0/0"
                ],
                "v6_cidr_blocks": []
              }
            ],
            "labels": {},
            "name": "k8s-public-services",
            "network_id": "enphugsv5110298nt4gk",
            "status": "ACTIVE",
            "timeouts": null
          },
          "sensitive_attributes": [],
          "private": "eyJlMmJmYjczMC1lY2FhLTExZTYtOGY4OC0zNDM2M2JjN2M0YzAiOnsiY3JlYXRlIjoxODAwMDAwMDAwMDAsImRlbGV0ZSI6MTgwMDAwMDAwMDAwLCJ1cGRhdGUiOjE4MDAwMDAwMDAwMH19",
          "dependencies": [
            "yandex_vpc_network.k8s-network"
          ]
        }
      ]
    },
    {
      "mode": "managed",
      "type": "yandex_vpc_subnet",
      "name": "k8s-network-ru-central1-d",
      "provider": "provider[\"registry.terraform.io/yandex-cloud/yandex\"]",
      "instances": [
        {
          "schema_version": 0,
          "attributes": {
            "created_at": "2024-05-10T11:56:48Z",
            "description": "",
            "dhcp_options": [],
            "folder_id": "b1g75hob5pvq0360545e",
            "id": "fl8pvh3ucsa7jruhmjq9",
            "labels": {},
            "name": "k8s-network-ru-central1-d",
            "network_id": "enphugsv5110298nt4gk",
            "route_table_id": "enpn3q34afjkav7psmi9",
            "timeouts": null,
            "v4_cidr_blocks": [
              "10.132.0.0/24"
            ],
            "v6_cidr_blocks": [],
            "zone": "ru-central1-d"
          },
          "sensitive_attributes": [],
          "private": "eyJlMmJmYjczMC1lY2FhLTExZTYtOGY4OC0zNDM2M2JjN2M0YzAiOnsiY3JlYXRlIjoxODAwMDAwMDAwMDAsImRlbGV0ZSI6MTgwMDAwMDAwMDAwLCJ1cGRhdGUiOjE4MDAwMDAwMDAwMH19",
          "dependencies": [
            "yandex_vpc_gateway.nat_gateway",
            "yandex_vpc_network.k8s-network",
            "yandex_vpc_route_table.k8s-rt"
          ]
        }
      ]
    }
  ],
  "check_results": null
}
